// !$*UTF8*$!
{
	archiveVersion = 1;
	classes = {
	};
	objectVersion = 46;
	objects = {

/* Begin PBXBuildFile section */
		D8999AED1C3CAE7C00F67B8E /* main.m in Sources */ = {isa = PBXBuildFile; fileRef = D8999AEC1C3CAE7C00F67B8E /* main.m */; };
		D8999AF51C3CAEC100F67B8E /* SingletonTest.m in Sources */ = {isa = PBXBuildFile; fileRef = D8999AF41C3CAEC100F67B8E /* SingletonTest.m */; };
/* End PBXBuildFile section */

/* Begin PBXCopyFilesBuildPhase section */
		D8999AE71C3CAE7C00F67B8E /* CopyFiles */ = {
			isa = PBXCopyFilesBuildPhase;
			buildActionMask = 2147483647;
			dstPath = /usr/share/man/man1/;
			dstSubfolderSpec = 0;
			files = (
			);
			runOnlyForDeploymentPostprocessing = 1;
		};
/* End PBXCopyFilesBuildPhase section */

/* Begin PBXFileReference section */
		D8999AE91C3CAE7C00F67B8E /* SingletonPattern */ = {isa = PBXFileReference; explicitFileType = "compiled.mach-o.executable"; includeInIndex = 0; path = SingletonPattern; sourceTree = BUILT_PRODUCTS_DIR; };
		D8999AEC1C3CAE7C00F67B8E /* main.m */ = {isa = PBXFileReference; lastKnownFileType = sourcecode.c.objc; path = main.m; sourceTree = "<group>"; };
		D8999AF31C3CAEC100F67B8E /* SingletonTest.h */ = {isa = PBXFileReference; fileEncoding = 4; lastKnownFileType = sourcecode.c.h; path = SingletonTest.h; sourceTree = "<group>"; };
		D8999AF41C3CAEC100F67B8E /* SingletonTest.m */ = {isa = PBXFileReference; fileEncoding = 4; lastKnownFileType = sourcecode.c.objc; path = SingletonTest.m; sourceTree = "<group>"; };
/* End PBXFileReference section */

/* Begin PBXFrameworksBuildPhase section */
		D8999AE61C3CAE7C00F67B8E /* Frameworks */ = {
			isa = PBXFrameworksBuildPhase;
			buildActionMask = 2147483647;
			files = (
			);
			runOnlyForDeploymentPostprocessing = 0;
		};
/* End PBXFrameworksBuildPhase section */

/* Begin PBXGroup section */
		D8999AE01C3CAE7C00F67B8E = {
			isa = PBXGroup;
			children = (
				D8999AEB1C3CAE7C00F67B8E /* SingletonPattern */,
				D8999AEA1C3CAE7C00F67B8E /* Products */,
			);
			sourceTree = "<group>";
		};
		D8999AEA1C3CAE7C00F67B8E /* Products */ = {
			isa = PBXGroup;
			children = (
				D8999AE91C3CAE7C00F67B8E /* SingletonPattern */,
			);
			name = Products;
			sourceTree = "<group>";
		};
		D8999AEB1C3CAE7C00F67B8E /* SingletonPattern */ = {
			isa = PBXGroup;
			children = (
				D8999AEC1C3CAE7C00F67B8E /* main.m */,
				D8999AF31C3CAEC100F67B8E /* SingletonTest.h */,
				D8999AF41C3CAEC100F67B8E /* SingletonTest.m */,
			);
			path = SingletonPattern;
			sourceTree = "<group>";
		};
/* End PBXGroup section */

/* Begin PBXNativeTarget section */
		D8999AE81C3CAE7C00F67B8E /* SingletonPattern */ = {
			isa = PBXNativeTarget;
			buildConfigurationList = D8999AF01C3CAE7C00F67B8E /* Build configuration list for PBXNativeTarget "SingletonPattern" */;
			buildPhases = (
				D8999AE51C3CAE7C00F67B8E /* Sources */,
				D8999AE61C3CAE7C00F67B8E /* Frameworks */,
				D8999AE71C3CAE7C00F67B8E /* CopyFiles */,
			);
			buildRules = (
			);
			dependencies = (
			);
			name = SingletonPattern;
			productName = SingletonPattern;
			productReference = D8999AE91C3CAE7C00F67B8E /* SingletonPattern */;
			productType = "com.apple.product-type.tool";
		};
/* End PBXNativeTarget section */

/* Begin PBXProject section */
		D8999AE11C3CAE7C00F67B8E /* Project object */ = {
			isa = PBXProject;
			attributes = {
				LastUpgradeCheck = 0640;
				ORGANIZATIONNAME = syetc;
				TargetAttributes = {
					D8999AE81C3CAE7C00F67B8E = {
						CreatedOnToolsVersion = 6.4;
					};
				};
			};
			buildConfigurationList = D8999AE41C3CAE7C00F67B8E /* Build configuration list for PBXProject "SingletonPattern" */;
			compatibilityVersion = "Xcode 3.2";
			developmentRegion = English;
			hasScannedForEncodings = 0;
			knownRegions = (
				en,
			);
			mainGroup = D8999AE01C3CAE7C00F67B8E;
			productRefGroup = D8999AEA1C3CAE7C00F67B8E /* Products */;
			projectDirPath = "";
			projectRoot = "";
			targets = (
				D8999AE81C3CAE7C00F67B8E /* SingletonPattern */,
			);
		};
/* End PBXProject section */

/* Begin PBXSourcesBuildPhase section */
		D8999AE51C3CAE7C00F67B8E /* Sources */ = {
			isa = PBXSourcesBuildPhase;
			buildActionMask = 2147483647;
			files = (
				D8999AED1C3CAE7C00F67B8E /* main.m in Sources */,
				D8999AF51C3CAEC100F67B8E /* SingletonTest.m in Sources */,
			);
			runOnlyForDeploymentPostprocessing = 0;
		};
/* End PBXSourcesBuildPhase section */

/* Begin XCBuildConfiguration section */
		D8999AEE1C3CAE7C00F67B8E /* Debug */ = {
			isa = XCBuildConfiguration;
			buildSettings = {
				ALWAYS_SEARCH_USER_PATHS = NO;
				CLANG_CXX_LANGUAGE_STANDARD = "gnu++0x";
				CLANG_CXX_LIBRARY = "libc++";
				CLANG_ENABLE_MODULES = YES;
				CLANG_ENABLE_OBJC_ARC = YES;
				CLANG_WARN_BOOL_CONVERSION = YES;
				CLANG_WARN_CONSTANT_CONVERSION = YES;
				CLANG_WARN_DIRECT_OBJC_ISA_USAGE = YES_ERROR;
				CLANG_WARN_EMPTY_BODY = YES;
				CLANG_WARN_ENUM_CONVERSION = YES;
				CLANG_WARN_INT_CONVERSION = YES;
				CLANG_WARN_OBJC_ROOT_CLASS = YES_ERROR;
				CLANG_WARN_UNREACHABLE_CODE = YES;
				CLANG_WARN__DUPLICATE_METHOD_MATCH = YES;
				COPY_PHASE_STRIP = NO;
				DEBUG_INFORMATION_FORMAT = dwarf;
				ENABLE_STRICT_OBJC_MSGSEND = YES;
				GCC_C_LANGUAGE_STANDARD = gnu99;
				GCC_DYNAMIC_NO_PIC = NO;
				GCC_NO_COMMON_BLOCKS = YES;
				GCC_OPTIMIZATION_LEVEL = 0;
				GCC_PREPROCESSOR_DEFINITIONS = (
					"DEBUG=1",
					"$(inherited)",
				);
				GCC_SYMBOLS_PRIVATE_EXTERN = NO;
				GCC_WARN_64_TO_32_BIT_CONVERSION = YES;
				GCC_WARN_ABOUT_RETURN_TYPE = YES_ERROR;
				GCC_WARN_UNDECLARED_SELECTOR = YES;
				GCC_WARN_UNINITIALIZED_AUTOS = YES_AGGRESSIVE;
				GCC_WARN_UNUSED_FUNCTION = YES;
				GCC_WARN_UNUSED_VARIABLE = YES;
				MACOSX_DEPLOYMENT_TARGET = 10.10;
				MTL_ENABLE_DEBUG_INFO = YES;
				ONLY_ACTIVE_ARCH = YES;
				SDKROOT = macosx;
			};
			name = Debug;
		};
		D8999AEF1C3CAE7C00F67B8E /* Release */ = {
			isa = XCBuildConfiguration;
			buildSettings = {
				ALWAYS_SEARCH_USER_PATHS = NO;
				CLANG_CXX_LANGUAGE_STANDARD = "gnu++0x";
				CLANG_CXX_LIBRARY = "libc++";
				CLANG_ENABLE_MODULES = YES;
				CLANG_ENABLE_OBJC_ARC = YES;
				CLANG_WARN_BOOL_CONVERSION = YES;
				CLANG_WARN_CONSTANT_CONVERSION = YES;
				CLANG_WARN_DIRECT_OBJC_ISA_USAGE = YES_ERROR;
				CLANG_WARN_EMPTY_BODY = YES;
				CLANG_WARN_ENUM_CONVERSION = YES;
				CLANG_WARN_INT_CONVERSION = YES;
				CLANG_WARN_OBJC_ROOT_CLASS = YES_ERROR;
				CLANG_WARN_UNREACHABLE_CODE = YES;
				CLANG_WARN__DUPLICATE_METHOD_MATCH = YES;
				COPY_PHASE_STRIP = NO;
				DEBUG_INFORMATION_FORMAT = "dwarf-with-dsym";
				ENABLE_NS_ASSERTIONS = NO;
				ENABLE_STRICT_OBJC_MSGSEND = YES;
				GCC_C_LANGUAGE_STANDARD = gnu99;
				GCC_NO_COMMON_BLOCKS = YES;
				GCC_WARN_64_TO_32_BIT_CONVERSION = YES;
				GCC_WARN_ABOUT_RETURN_TYPE = YES_ERROR;
				GCC_WARN_UNDECLARED_SELECTOR = YES;
				GCC_WARN_UNINITIALIZED_AUTOS = YES_AGGRESSIVE;
				GCC_WARN_UNUSED_FUNCTION = YES;
				GCC_WARN_UNUSED_VARIABLE = YES;
				MACOSX_DEPLOYMENT_TARGET = 10.10;
				MTL_ENABLE_DEBUG_INFO = NO;
				SDKROOT = macosx;
			};
			name = Release;
		};
		D8999AF11C3CAE7C00F67B8E /* Debug */ = {
			isa = XCBuildConfiguration;
			buildSettings = {
				PRODUCT_NAME = "$(TARGET_NAME)";
			};
			name = Debug;
		};
		D8999AF21C3CAE7C00F67B8E /* Release */ = {
			isa = XCBuildConfiguration;
			buildSettings = {
				PRODUCT_NAME = "$(TARGET_NAME)";
			};
			name = Release;
		};
/* End XCBuildConfiguration section */

/* Begin XCConfigurationList section */
		D8999AE41C3CAE7C00F67B8E /* Build configuration list for PBXProject "SingletonPattern" */ = {
			isa = XCConfigurationList;
			buildConfigurations = (
				D8999AEE1C3CAE7C00F67B8E /* Debug */,
				D8999AEF1C3CAE7C00F67B8E /* Release */,
			);
			defaultConfigurationIsVisible = 0;
			defaultConfigurationName = Release;
		};
		D8999AF01C3CAE7C00F67B8E /* Build configuration list for PBXNativeTarget "SingletonPattern" */ = {
			isa = XCConfigurationList;
			buildConfigurations = (
				D8999AF11C3CAE7C00F67B8E /* Debug */,
				D8999AF21C3CAE7C00F67B8E /* Release */,
			);
			defaultConfigurationIsVisible = 0;
		};
/* End XCConfigurationList section */
	};
	rootObject = D8999AE11C3CAE7C00F67B8E /* Project object */;
}
